
Microsoft Visual Studio Solution File, Format Version 12.00
# Visual Studio 15
VisualStudioVersion = 15.0.28010.2019
MinimumVisualStudioVersion = 10.0.40219.1
Project("{FAE04EC0-301F-11D3-BF4B-00C04F79EFBC}") = "topic6", "topic6\topic6.csproj", "{2271987A-1C64-4B52-ABA2-0AA7DF978510}"
EndProject
Project("{FAE04EC0-301F-11D3-BF4B-00C04F79EFBC}") = "topic7", "topic7\topic7.csproj", "{5705FD2A-F6C3-4E58-A363-4465C98011A4}"
EndProject
Project("{FAE04EC0-301F-11D3-BF4B-00C04F79EFBC}") = "topic9", "topic9\topic9.csproj", "{7272D06C-17D4-422A-BAAC-0686FB68E3BC}"
EndProject
Global
	GlobalSection(SolutionConfigurationPlatforms) = preSolution
		Debug|Any CPU = Debug|Any CPU
		Release|Any CPU = Release|Any CPU
	EndGlobalSection
	GlobalSection(ProjectConfigurationPlatforms) = postSolution
		{2271987A-1C64-4B52-ABA2-0AA7DF978510}.Debug|Any CPU.ActiveCfg = Debug|Any CPU
		{2271987A-1C64-4B52-ABA2-0AA7DF978510}.Debug|Any CPU.Build.0 = Debug|Any CPU
		{2271987A-1C64-4B52-ABA2-0AA7DF978510}.Release|Any CPU.ActiveCfg = Release|Any CPU
		{2271987A-1C64-4B52-ABA2-0AA7DF978510}.Release|Any CPU.Build.0 = Release|Any CPU
		{5705FD2A-F6C3-4E58-A363-4465C98011A4}.Debug|Any CPU.ActiveCfg = Debug|Any CPU
		{5705FD2A-F6C3-4E58-A363-4465C98011A4}.Debug|Any CPU.Build.0 = Debug|Any CPU
		{5705FD2A-F6C3-4E58-A363-4465C98011A4}.Release|Any CPU.ActiveCfg = Release|Any CPU
		{5705FD2A-F6C3-4E58-A363-4465C98011A4}.Release|Any CPU.Build.0 = Release|Any CPU
		{7272D06C-17D4-422A-BAAC-0686FB68E3BC}.Debug|Any CPU.ActiveCfg = Debug|Any CPU
		{7272D06C-17D4-422A-BAAC-0686FB68E3BC}.Debug|Any CPU.Build.0 = Debug|Any CPU
		{7272D06C-17D4-422A-BAAC-0686FB68E3BC}.Release|Any CPU.ActiveCfg = Release|Any CPU
		{7272D06C-17D4-422A-BAAC-0686FB68E3BC}.Release|Any CPU.Build.0 = Release|Any CPU
	EndGlobalSection
	GlobalSection(SolutionProperties) = preSolution
		HideSolutionNode = FALSE
	EndGlobalSection
	GlobalSection(ExtensibilityGlobals) = postSolution
		SolutionGuid = {9EE45B2B-3740-4174-8A60-D668B152B245}
	EndGlobalSection
EndGlobal
